
Microsoft Visual Studio Solution File, Format Version 12.00
# Visual Studio Version 16
VisualStudioVersion = 16.0.31729.503
MinimumVisualStudioVersion = 10.0.40219.1
Project("{FAE04EC0-301F-11D3-BF4B-00C04F79EFBC}") = "TuanHai", "TuanHai\TuanHai.csproj", "{3278AAA2-8F5B-44EE-A03C-A05B524EC714}"
EndProject
Project("{FAE04EC0-301F-11D3-BF4B-00C04F79EFBC}") = "ThapHaNoi1", "ThapHaNoi1\ThapHaNoi1.csproj", "{70E27890-24DE-4B91-AD84-6FE1E2999941}"
EndProject
Global
	GlobalSection(SolutionConfigurationPlatforms) = preSolution
		Debug|Any CPU = Debug|Any CPU
		Release|Any CPU = Release|Any CPU
	EndGlobalSection
	GlobalSection(ProjectConfigurationPlatforms) = postSolution
		{3278AAA2-8F5B-44EE-A03C-A05B524EC714}.Debug|Any CPU.ActiveCfg = Debug|Any CPU
		{3278AAA2-8F5B-44EE-A03C-A05B524EC714}.Debug|Any CPU.Build.0 = Debug|Any CPU
		{3278AAA2-8F5B-44EE-A03C-A05B524EC714}.Release|Any CPU.ActiveCfg = Release|Any CPU
		{3278AAA2-8F5B-44EE-A03C-A05B524EC714}.Release|Any CPU.Build.0 = Release|Any CPU
		{70E27890-24DE-4B91-AD84-6FE1E2999941}.Debug|Any CPU.ActiveCfg = Debug|Any CPU
		{70E27890-24DE-4B91-AD84-6FE1E2999941}.Debug|Any CPU.Build.0 = Debug|Any CPU
		{70E27890-24DE-4B91-AD84-6FE1E2999941}.Release|Any CPU.ActiveCfg = Release|Any CPU
		{70E27890-24DE-4B91-AD84-6FE1E2999941}.Release|Any CPU.Build.0 = Release|Any CPU
	EndGlobalSection
	GlobalSection(SolutionProperties) = preSolution
		HideSolutionNode = FALSE
	EndGlobalSection
	GlobalSection(ExtensibilityGlobals) = postSolution
		SolutionGuid = {ABB029B7-BAC3-4468-A179-79EEE865BA26}
	EndGlobalSection
EndGlobal
